
Microsoft Visual Studio Solution File, Format Version 12.00
# Visual Studio 2013
VisualStudioVersion = 12.0.21005.1
MinimumVisualStudioVersion = 10.0.40219.1
Project("{FAE04EC0-301F-11D3-BF4B-00C04F79EFBC}") = "WindowsClient", "WindowsClient.csproj", "{D95B520D-5FF9-452A-B4BB-09419DC196BC}"
EndProject
Project("{FAE04EC0-301F-11D3-BF4B-00C04F79EFBC}") = "BusinessLayer", "..\BusinessLayer\BusinessLayer.csproj", "{CA30CD78-9DE2-4918-ADDF-61D9969B3950}"
EndProject
Project("{FAE04EC0-301F-11D3-BF4B-00C04F79EFBC}") = "DataAccessLayer", "..\DataAccessLayer\DataAccessLayer.csproj", "{E4FB805A-177F-49CA-9A6C-CAD32A094856}"
EndProject
Project("{FAE04EC0-301F-11D3-BF4B-00C04F79EFBC}") = "BusinessEntities", "..\BusinessEntities\BusinessEntities.csproj", "{C6A73728-6BB9-4642-9D48-C325006C4B08}"
EndProject
Project("{2150E333-8FDC-42A3-9474-1A3956D46DE8}") = "Solution Items", "Solution Items", "{8301A654-47DD-434D-9BAF-DAA0B42F41DD}"
	ProjectSection(SolutionItems) = preProject
		SqlCreateProductTrackerDBTables.sql = SqlCreateProductTrackerDBTables.sql
		SQLPopDbTables.sql = SQLPopDbTables.sql
	EndProjectSection
EndProject
Global
	
	GlobalSection(SolutionConfigurationPlatforms) = preSolution
		Debug|Any CPU = Debug|Any CPU
		Release|Any CPU = Release|Any CPU
	EndGlobalSection
	GlobalSection(ProjectConfigurationPlatforms) = postSolution
		{D95B520D-5FF9-452A-B4BB-09419DC196BC}.Debug|Any CPU.ActiveCfg = Debug|Any CPU
		{D95B520D-5FF9-452A-B4BB-09419DC196BC}.Debug|Any CPU.Build.0 = Debug|Any CPU
		{D95B520D-5FF9-452A-B4BB-09419DC196BC}.Release|Any CPU.ActiveCfg = Release|Any CPU
		{D95B520D-5FF9-452A-B4BB-09419DC196BC}.Release|Any CPU.Build.0 = Release|Any CPU
		{CA30CD78-9DE2-4918-ADDF-61D9969B3950}.Debug|Any CPU.ActiveCfg = Debug|Any CPU
		{CA30CD78-9DE2-4918-ADDF-61D9969B3950}.Debug|Any CPU.Build.0 = Debug|Any CPU
		{CA30CD78-9DE2-4918-ADDF-61D9969B3950}.Release|Any CPU.ActiveCfg = Release|Any CPU
		{CA30CD78-9DE2-4918-ADDF-61D9969B3950}.Release|Any CPU.Build.0 = Release|Any CPU
		{E4FB805A-177F-49CA-9A6C-CAD32A094856}.Debug|Any CPU.ActiveCfg = Debug|Any CPU
		{E4FB805A-177F-49CA-9A6C-CAD32A094856}.Debug|Any CPU.Build.0 = Debug|Any CPU
		{E4FB805A-177F-49CA-9A6C-CAD32A094856}.Release|Any CPU.ActiveCfg = Release|Any CPU
		{E4FB805A-177F-49CA-9A6C-CAD32A094856}.Release|Any CPU.Build.0 = Release|Any CPU
		{C6A73728-6BB9-4642-9D48-C325006C4B08}.Debug|Any CPU.ActiveCfg = Debug|Any CPU
		{C6A73728-6BB9-4642-9D48-C325006C4B08}.Debug|Any CPU.Build.0 = Debug|Any CPU
		{C6A73728-6BB9-4642-9D48-C325006C4B08}.Release|Any CPU.ActiveCfg = Release|Any CPU
		{C6A73728-6BB9-4642-9D48-C325006C4B08}.Release|Any CPU.Build.0 = Release|Any CPU
	EndGlobalSection
	GlobalSection(SolutionProperties) = preSolution
		HideSolutionNode = FALSE
	EndGlobalSection
EndGlobal
